// !$*UTF8*$!
{
	archiveVersion = 1;
	classes = {
	};
	objectVersion = 56;
	objects = {

/* Begin PBXBuildFile section */
		C5226328297452A800E4F35F /* DigitalGaleryApp.swift in Sources */ = {isa = PBXBuildFile; fileRef = C5226327297452A800E4F35F /* DigitalGaleryApp.swift */; };
		C522632A297452A800E4F35F /* ArtHubView.swift in Sources */ = {isa = PBXBuildFile; fileRef = C5226329297452A800E4F35F /* ArtHubView.swift */; };
		C522632C297452AA00E4F35F /* Assets.xcassets in Resources */ = {isa = PBXBuildFile; fileRef = C522632B297452AA00E4F35F /* Assets.xcassets */; };
		C522632F297452AA00E4F35F /* Preview Assets.xcassets in Resources */ = {isa = PBXBuildFile; fileRef = C522632E297452AA00E4F35F /* Preview Assets.xcassets */; };
		C5226339297455E200E4F35F /* Artist.swift in Sources */ = {isa = PBXBuildFile; fileRef = C5226338297455E200E4F35F /* Artist.swift */; };
		C522633B297455EA00E4F35F /* Painting.swift in Sources */ = {isa = PBXBuildFile; fileRef = C522633A297455EA00E4F35F /* Painting.swift */; };
		C522633D2974573100E4F35F /* ArtHubViewModel.swift in Sources */ = {isa = PBXBuildFile; fileRef = C522633C2974573100E4F35F /* ArtHubViewModel.swift */; };
		C5226340297458B400E4F35F /* UrlImage.swift in Sources */ = {isa = PBXBuildFile; fileRef = C522633F297458B400E4F35F /* UrlImage.swift */; };
		C522634229745B5700E4F35F /* TopBarApp.swift in Sources */ = {isa = PBXBuildFile; fileRef = C522634129745B5700E4F35F /* TopBarApp.swift */; };
		C522634529745F2100E4F35F /* Colors.swift in Sources */ = {isa = PBXBuildFile; fileRef = C522634429745F2100E4F35F /* Colors.swift */; };
		C52AA3152978CC6800CF19E6 /* ArtistsIdentifyModel 1.mlmodel in Sources */ = {isa = PBXBuildFile; fileRef = C52AA3142978CC6800CF19E6 /* ArtistsIdentifyModel 1.mlmodel */; };
		C52AA31A2978D26400CF19E6 /* CameraView.swift in Sources */ = {isa = PBXBuildFile; fileRef = C52AA3192978D26400CF19E6 /* CameraView.swift */; };
		C52AA31E2978D94600CF19E6 /* ImagePicker.swift in Sources */ = {isa = PBXBuildFile; fileRef = C52AA31D2978D94600CF19E6 /* ImagePicker.swift */; };
		C52AA3242979DB6D00CF19E6 /* UIImageExtentions.swift in Sources */ = {isa = PBXBuildFile; fileRef = C52AA3232979DB6D00CF19E6 /* UIImageExtentions.swift */; };
		C52AA32E2979FC2A00CF19E6 /* ImagePredictor.swift in Sources */ = {isa = PBXBuildFile; fileRef = C52AA32D2979FC2A00CF19E6 /* ImagePredictor.swift */; };
		C52AA3302979FEF700CF19E6 /* CGImagePropertyOrientation.swift in Sources */ = {isa = PBXBuildFile; fileRef = C52AA32F2979FEF700CF19E6 /* CGImagePropertyOrientation.swift */; };
		C52AA3322979FF1D00CF19E6 /* VNClassificationObservation.swift in Sources */ = {isa = PBXBuildFile; fileRef = C52AA3312979FF1D00CF19E6 /* VNClassificationObservation.swift */; };
		C5C5DDA3297E070F00DBCB6C /* SpriteKitView.swift in Sources */ = {isa = PBXBuildFile; fileRef = C5C5DDA2297E070F00DBCB6C /* SpriteKitView.swift */; };
		C5D831E2297B0C850055FF42 /* RemoteRepository.swift in Sources */ = {isa = PBXBuildFile; fileRef = C5D831E1297B0C850055FF42 /* RemoteRepository.swift */; };
		C5D831E4297B1A610055FF42 /* ArtistGridView.swift in Sources */ = {isa = PBXBuildFile; fileRef = C5D831E3297B1A610055FF42 /* ArtistGridView.swift */; };
		C5D831E6297B1A800055FF42 /* ArtistGrideViewModel.swift in Sources */ = {isa = PBXBuildFile; fileRef = C5D831E5297B1A800055FF42 /* ArtistGrideViewModel.swift */; };
		C5D831E8297B1E170055FF42 /* ArtistDetailsView.swift in Sources */ = {isa = PBXBuildFile; fileRef = C5D831E7297B1E170055FF42 /* ArtistDetailsView.swift */; };
		C5D831EA297B1E2B0055FF42 /* ArtistDetailViewModel.swift in Sources */ = {isa = PBXBuildFile; fileRef = C5D831E9297B1E2B0055FF42 /* ArtistDetailViewModel.swift */; };
		C5E48442297C1CB3003FFB76 /* PaintingDetailsViewModel.swift in Sources */ = {isa = PBXBuildFile; fileRef = C5E48441297C1CB3003FFB76 /* PaintingDetailsViewModel.swift */; };
		C5E48444297C2B4B003FFB76 /* PaintingsDetailsView.swift in Sources */ = {isa = PBXBuildFile; fileRef = C5E48443297C2B4B003FFB76 /* PaintingsDetailsView.swift */; };
		C5E48446297C59EA003FFB76 /* ARView.swift in Sources */ = {isa = PBXBuildFile; fileRef = C5E48445297C59E9003FFB76 /* ARView.swift */; };
		C5E48449297C9F00003FFB76 /* PaintingsGridViewModel.swift in Sources */ = {isa = PBXBuildFile; fileRef = C5E48448297C9EFF003FFB76 /* PaintingsGridViewModel.swift */; };
		C5E4844B297C9F1F003FFB76 /* PaintingsGridView.swift in Sources */ = {isa = PBXBuildFile; fileRef = C5E4844A297C9F1F003FFB76 /* PaintingsGridView.swift */; };
		C5E4844E297CAA12003FFB76 /* URLImage in Frameworks */ = {isa = PBXBuildFile; productRef = C5E4844D297CAA12003FFB76 /* URLImage */; };
		C5E48450297CAA12003FFB76 /* URLImageStore in Frameworks */ = {isa = PBXBuildFile; productRef = C5E4844F297CAA12003FFB76 /* URLImageStore */; };
/* End PBXBuildFile section */

/* Begin PBXFileReference section */
		C5226324297452A800E4F35F /* DigitalGalery.app */ = {isa = PBXFileReference; explicitFileType = wrapper.application; includeInIndex = 0; path = DigitalGalery.app; sourceTree = BUILT_PRODUCTS_DIR; };
		C5226327297452A800E4F35F /* DigitalGaleryApp.swift */ = {isa = PBXFileReference; lastKnownFileType = sourcecode.swift; path = DigitalGaleryApp.swift; sourceTree = "<group>"; };
		C5226329297452A800E4F35F /* ArtHubView.swift */ = {isa = PBXFileReference; lastKnownFileType = sourcecode.swift; path = ArtHubView.swift; sourceTree = "<group>"; };
		C522632B297452AA00E4F35F /* Assets.xcassets */ = {isa = PBXFileReference; lastKnownFileType = folder.assetcatalog; path = Assets.xcassets; sourceTree = "<group>"; };
		C522632E297452AA00E4F35F /* Preview Assets.xcassets */ = {isa = PBXFileReference; lastKnownFileType = folder.assetcatalog; path = "Preview Assets.xcassets"; sourceTree = "<group>"; };
		C5226338297455E200E4F35F /* Artist.swift */ = {isa = PBXFileReference; lastKnownFileType = sourcecode.swift; path = Artist.swift; sourceTree = "<group>"; };
		C522633A297455EA00E4F35F /* Painting.swift */ = {isa = PBXFileReference; lastKnownFileType = sourcecode.swift; path = Painting.swift; sourceTree = "<group>"; };
		C522633C2974573100E4F35F /* ArtHubViewModel.swift */ = {isa = PBXFileReference; lastKnownFileType = sourcecode.swift; path = ArtHubViewModel.swift; sourceTree = "<group>"; };
		C522633F297458B400E4F35F /* UrlImage.swift */ = {isa = PBXFileReference; lastKnownFileType = sourcecode.swift; path = UrlImage.swift; sourceTree = "<group>"; };
		C522634129745B5700E4F35F /* TopBarApp.swift */ = {isa = PBXFileReference; lastKnownFileType = sourcecode.swift; path = TopBarApp.swift; sourceTree = "<group>"; };
		C522634429745F2100E4F35F /* Colors.swift */ = {isa = PBXFileReference; lastKnownFileType = sourcecode.swift; path = Colors.swift; sourceTree = "<group>"; };
		C52AA3142978CC6800CF19E6 /* ArtistsIdentifyModel 1.mlmodel */ = {isa = PBXFileReference; lastKnownFileType = file.mlmodel; path = "ArtistsIdentifyModel 1.mlmodel"; sourceTree = "<group>"; };
		C52AA3192978D26400CF19E6 /* CameraView.swift */ = {isa = PBXFileReference; lastKnownFileType = sourcecode.swift; path = CameraView.swift; sourceTree = "<group>"; };
		C52AA31D2978D94600CF19E6 /* ImagePicker.swift */ = {isa = PBXFileReference; lastKnownFileType = sourcecode.swift; path = ImagePicker.swift; sourceTree = "<group>"; };
		C52AA3232979DB6D00CF19E6 /* UIImageExtentions.swift */ = {isa = PBXFileReference; lastKnownFileType = sourcecode.swift; path = UIImageExtentions.swift; sourceTree = "<group>"; };
		C52AA32D2979FC2A00CF19E6 /* ImagePredictor.swift */ = {isa = PBXFileReference; lastKnownFileType = sourcecode.swift; path = ImagePredictor.swift; sourceTree = "<group>"; };
		C52AA32F2979FEF700CF19E6 /* CGImagePropertyOrientation.swift */ = {isa = PBXFileReference; lastKnownFileType = sourcecode.swift; path = CGImagePropertyOrientation.swift; sourceTree = "<group>"; };
		C52AA3312979FF1D00CF19E6 /* VNClassificationObservation.swift */ = {isa = PBXFileReference; lastKnownFileType = sourcecode.swift; path = VNClassificationObservation.swift; sourceTree = "<group>"; };
		C5C5DDA2297E070F00DBCB6C /* SpriteKitView.swift */ = {isa = PBXFileReference; lastKnownFileType = sourcecode.swift; path = SpriteKitView.swift; sourceTree = "<group>"; };
		C5D831E1297B0C850055FF42 /* RemoteRepository.swift */ = {isa = PBXFileReference; lastKnownFileType = sourcecode.swift; path = RemoteRepository.swift; sourceTree = "<group>"; };
		C5D831E3297B1A610055FF42 /* ArtistGridView.swift */ = {isa = PBXFileReference; lastKnownFileType = sourcecode.swift; path = ArtistGridView.swift; sourceTree = "<group>"; };
		C5D831E5297B1A800055FF42 /* ArtistGrideViewModel.swift */ = {isa = PBXFileReference; lastKnownFileType = sourcecode.swift; path = ArtistGrideViewModel.swift; sourceTree = "<group>"; };
		C5D831E7297B1E170055FF42 /* ArtistDetailsView.swift */ = {isa = PBXFileReference; lastKnownFileType = sourcecode.swift; path = ArtistDetailsView.swift; sourceTree = "<group>"; };
		C5D831E9297B1E2B0055FF42 /* ArtistDetailViewModel.swift */ = {isa = PBXFileReference; lastKnownFileType = sourcecode.swift; path = ArtistDetailViewModel.swift; sourceTree = "<group>"; };
		C5E48441297C1CB3003FFB76 /* PaintingDetailsViewModel.swift */ = {isa = PBXFileReference; lastKnownFileType = sourcecode.swift; path = PaintingDetailsViewModel.swift; sourceTree = "<group>"; };
		C5E48443297C2B4B003FFB76 /* PaintingsDetailsView.swift */ = {isa = PBXFileReference; lastKnownFileType = sourcecode.swift; path = PaintingsDetailsView.swift; sourceTree = "<group>"; };
		C5E48445297C59E9003FFB76 /* ARView.swift */ = {isa = PBXFileReference; lastKnownFileType = sourcecode.swift; path = ARView.swift; sourceTree = "<group>"; };
		C5E48448297C9EFF003FFB76 /* PaintingsGridViewModel.swift */ = {isa = PBXFileReference; lastKnownFileType = sourcecode.swift; path = PaintingsGridViewModel.swift; sourceTree = "<group>"; };
		C5E4844A297C9F1F003FFB76 /* PaintingsGridView.swift */ = {isa = PBXFileReference; lastKnownFileType = sourcecode.swift; path = PaintingsGridView.swift; sourceTree = "<group>"; };
/* End PBXFileReference section */

/* Begin PBXFrameworksBuildPhase section */
		C5226321297452A800E4F35F /* Frameworks */ = {
			isa = PBXFrameworksBuildPhase;
			buildActionMask = 2147483647;
			files = (
				C5E48450297CAA12003FFB76 /* URLImageStore in Frameworks */,
				C5E4844E297CAA12003FFB76 /* URLImage in Frameworks */,
			);
			runOnlyForDeploymentPostprocessing = 0;
		};
/* End PBXFrameworksBuildPhase section */

/* Begin PBXGroup section */
		C522631B297452A800E4F35F = {
			isa = PBXGroup;
			children = (
				C5226326297452A800E4F35F /* DigitalGalery */,
				C5226325297452A800E4F35F /* Products */,
			);
			sourceTree = "<group>";
		};
		C5226325297452A800E4F35F /* Products */ = {
			isa = PBXGroup;
			children = (
				C5226324297452A800E4F35F /* DigitalGalery.app */,
			);
			name = Products;
			sourceTree = "<group>";
		};
		C5226326297452A800E4F35F /* DigitalGalery */ = {
			isa = PBXGroup;
			children = (
				C52263352974557D00E4F35F /* Utills */,
				C5D831E0297B0C700055FF42 /* Communication */,
				C52263362974558300E4F35F /* Model */,
				C52AA3162978D02000CF19E6 /* ML */,
				C5C5DD9A297DA5EC00DBCB6C /* Screens */,
				C5226327297452A800E4F35F /* DigitalGaleryApp.swift */,
				C522632B297452AA00E4F35F /* Assets.xcassets */,
				C522632D297452AA00E4F35F /* Preview Content */,
			);
			path = DigitalGalery;
			sourceTree = "<group>";
		};
		C522632D297452AA00E4F35F /* Preview Content */ = {
			isa = PBXGroup;
			children = (
				C522632E297452AA00E4F35F /* Preview Assets.xcassets */,
			);
			path = "Preview Content";
			sourceTree = "<group>";
		};
		C52263352974557D00E4F35F /* Utills */ = {
			isa = PBXGroup;
			children = (
				C522634329745F0900E4F35F /* Extentions */,
				C522633E2974581C00E4F35F /* Elements */,
			);
			path = Utills;
			sourceTree = "<group>";
		};
		C52263362974558300E4F35F /* Model */ = {
			isa = PBXGroup;
			children = (
				C5226338297455E200E4F35F /* Artist.swift */,
				C522633A297455EA00E4F35F /* Painting.swift */,
			);
			path = Model;
			sourceTree = "<group>";
		};
		C522633E2974581C00E4F35F /* Elements */ = {
			isa = PBXGroup;
			children = (
				C522633F297458B400E4F35F /* UrlImage.swift */,
				C522634129745B5700E4F35F /* TopBarApp.swift */,
			);
			path = Elements;
			sourceTree = "<group>";
		};
		C522634329745F0900E4F35F /* Extentions */ = {
			isa = PBXGroup;
			children = (
				C522634429745F2100E4F35F /* Colors.swift */,
				C52AA31D2978D94600CF19E6 /* ImagePicker.swift */,
				C52AA3232979DB6D00CF19E6 /* UIImageExtentions.swift */,
				C52AA32F2979FEF700CF19E6 /* CGImagePropertyOrientation.swift */,
				C52AA3312979FF1D00CF19E6 /* VNClassificationObservation.swift */,
			);
			path = Extentions;
			sourceTree = "<group>";
		};
		C52AA3162978D02000CF19E6 /* ML */ = {
			isa = PBXGroup;
			children = (
				C52AA3142978CC6800CF19E6 /* ArtistsIdentifyModel 1.mlmodel */,
				C52AA32D2979FC2A00CF19E6 /* ImagePredictor.swift */,
			);
			path = ML;
			sourceTree = "<group>";
		};
		C5C5DD99297DA5D500DBCB6C /* ArtistGrid */ = {
			isa = PBXGroup;
			children = (
				C5D831E5297B1A800055FF42 /* ArtistGrideViewModel.swift */,
				C5D831E3297B1A610055FF42 /* ArtistGridView.swift */,
			);
			path = ArtistGrid;
			sourceTree = "<group>";
		};
		C5C5DD9A297DA5EC00DBCB6C /* Screens */ = {
			isa = PBXGroup;
			children = (
				C5C5DDA1297E06E700DBCB6C /* SpriteKit */,
				C5C5DDA0297DA69100DBCB6C /* Camera */,
				C5C5DD9F297DA68800DBCB6C /* ARView */,
				C5C5DD9E297DA66700DBCB6C /* PaintingsGrid */,
				C5C5DD9D297DA63800DBCB6C /* ArtHub */,
				C5C5DD9C297DA61300DBCB6C /* PaintingsDetails */,
				C5C5DD9B297DA60200DBCB6C /* ArtistDetails */,
				C5C5DD99297DA5D500DBCB6C /* ArtistGrid */,
			);
			path = Screens;
			sourceTree = "<group>";
		};
		C5C5DD9B297DA60200DBCB6C /* ArtistDetails */ = {
			isa = PBXGroup;
			children = (
				C5D831E9297B1E2B0055FF42 /* ArtistDetailViewModel.swift */,
				C5D831E7297B1E170055FF42 /* ArtistDetailsView.swift */,
			);
			path = ArtistDetails;
			sourceTree = "<group>";
		};
		C5C5DD9C297DA61300DBCB6C /* PaintingsDetails */ = {
			isa = PBXGroup;
			children = (
				C5E48441297C1CB3003FFB76 /* PaintingDetailsViewModel.swift */,
				C5E48443297C2B4B003FFB76 /* PaintingsDetailsView.swift */,
			);
			path = PaintingsDetails;
			sourceTree = "<group>";
		};
		C5C5DD9D297DA63800DBCB6C /* ArtHub */ = {
			isa = PBXGroup;
			children = (
				C5226329297452A800E4F35F /* ArtHubView.swift */,
				C522633C2974573100E4F35F /* ArtHubViewModel.swift */,
			);
			path = ArtHub;
			sourceTree = "<group>";
		};
		C5C5DD9E297DA66700DBCB6C /* PaintingsGrid */ = {
			isa = PBXGroup;
			children = (
				C5E48448297C9EFF003FFB76 /* PaintingsGridViewModel.swift */,
				C5E4844A297C9F1F003FFB76 /* PaintingsGridView.swift */,
			);
			path = PaintingsGrid;
			sourceTree = "<group>";
		};
		C5C5DD9F297DA68800DBCB6C /* ARView */ = {
			isa = PBXGroup;
			children = (
				C5E48445297C59E9003FFB76 /* ARView.swift */,
			);
			path = ARView;
			sourceTree = "<group>";
		};
		C5C5DDA0297DA69100DBCB6C /* Camera */ = {
			isa = PBXGroup;
			children = (
				C52AA3192978D26400CF19E6 /* CameraView.swift */,
			);
			path = Camera;
			sourceTree = "<group>";
		};
		C5C5DDA1297E06E700DBCB6C /* SpriteKit */ = {
			isa = PBXGroup;
			children = (
				C5C5DDA2297E070F00DBCB6C /* SpriteKitView.swift */,
			);
			path = SpriteKit;
			sourceTree = "<group>";
		};
		C5D831E0297B0C700055FF42 /* Communication */ = {
			isa = PBXGroup;
			children = (
				C5D831E1297B0C850055FF42 /* RemoteRepository.swift */,
			);
			path = Communication;
			sourceTree = "<group>";
		};
/* End PBXGroup section */

/* Begin PBXNativeTarget section */
		C5226323297452A800E4F35F /* DigitalGalery */ = {
			isa = PBXNativeTarget;
			buildConfigurationList = C5226332297452AA00E4F35F /* Build configuration list for PBXNativeTarget "DigitalGalery" */;
			buildPhases = (
				C5226320297452A800E4F35F /* Sources */,
				C5226321297452A800E4F35F /* Frameworks */,
				C5226322297452A800E4F35F /* Resources */,
			);
			buildRules = (
			);
			dependencies = (
			);
			name = DigitalGalery;
			packageProductDependencies = (
				C5E4844D297CAA12003FFB76 /* URLImage */,
				C5E4844F297CAA12003FFB76 /* URLImageStore */,
			);
			productName = DigitalGalery;
			productReference = C5226324297452A800E4F35F /* DigitalGalery.app */;
			productType = "com.apple.product-type.application";
		};
/* End PBXNativeTarget section */

/* Begin PBXProject section */
		C522631C297452A800E4F35F /* Project object */ = {
			isa = PBXProject;
			attributes = {
				BuildIndependentTargetsInParallel = 1;
				LastSwiftUpdateCheck = 1400;
				LastUpgradeCheck = 1400;
				TargetAttributes = {
					C5226323297452A800E4F35F = {
						CreatedOnToolsVersion = 14.0.1;
					};
				};
			};
			buildConfigurationList = C522631F297452A800E4F35F /* Build configuration list for PBXProject "DigitalGalery" */;
			compatibilityVersion = "Xcode 14.0";
			developmentRegion = en;
			hasScannedForEncodings = 0;
			knownRegions = (
				en,
				Base,
			);
			mainGroup = C522631B297452A800E4F35F;
			packageReferences = (
				C5E4844C297CAA12003FFB76 /* XCRemoteSwiftPackageReference "url-image" */,
			);
			productRefGroup = C5226325297452A800E4F35F /* Products */;
			projectDirPath = "";
			projectRoot = "";
			targets = (
				C5226323297452A800E4F35F /* DigitalGalery */,
			);
		};
/* End PBXProject section */

/* Begin PBXResourcesBuildPhase section */
		C5226322297452A800E4F35F /* Resources */ = {
			isa = PBXResourcesBuildPhase;
			buildActionMask = 2147483647;
			files = (
				C522632F297452AA00E4F35F /* Preview Assets.xcassets in Resources */,
				C522632C297452AA00E4F35F /* Assets.xcassets in Resources */,
			);
			runOnlyForDeploymentPostprocessing = 0;
		};
/* End PBXResourcesBuildPhase section */

/* Begin PBXSourcesBuildPhase section */
		C5226320297452A800E4F35F /* Sources */ = {
			isa = PBXSourcesBuildPhase;
			buildActionMask = 2147483647;
			files = (
				C52AA31E2978D94600CF19E6 /* ImagePicker.swift in Sources */,
				C5D831E6297B1A800055FF42 /* ArtistGrideViewModel.swift in Sources */,
				C522633D2974573100E4F35F /* ArtHubViewModel.swift in Sources */,
				C5E48446297C59EA003FFB76 /* ARView.swift in Sources */,
				C522634529745F2100E4F35F /* Colors.swift in Sources */,
				C52AA3152978CC6800CF19E6 /* ArtistsIdentifyModel 1.mlmodel in Sources */,
				C5226339297455E200E4F35F /* Artist.swift in Sources */,
				C522634229745B5700E4F35F /* TopBarApp.swift in Sources */,
				C5C5DDA3297E070F00DBCB6C /* SpriteKitView.swift in Sources */,
				C522632A297452A800E4F35F /* ArtHubView.swift in Sources */,
				C5226340297458B400E4F35F /* UrlImage.swift in Sources */,
				C5D831E4297B1A610055FF42 /* ArtistGridView.swift in Sources */,
				C52AA3242979DB6D00CF19E6 /* UIImageExtentions.swift in Sources */,
				C52AA31A2978D26400CF19E6 /* CameraView.swift in Sources */,
				C5D831EA297B1E2B0055FF42 /* ArtistDetailViewModel.swift in Sources */,
				C5E48449297C9F00003FFB76 /* PaintingsGridViewModel.swift in Sources */,
				C5226328297452A800E4F35F /* DigitalGaleryApp.swift in Sources */,
				C5E4844B297C9F1F003FFB76 /* PaintingsGridView.swift in Sources */,
				C5E48442297C1CB3003FFB76 /* PaintingDetailsViewModel.swift in Sources */,
				C5E48444297C2B4B003FFB76 /* PaintingsDetailsView.swift in Sources */,
				C5D831E8297B1E170055FF42 /* ArtistDetailsView.swift in Sources */,
				C52AA32E2979FC2A00CF19E6 /* ImagePredictor.swift in Sources */,
				C52AA3302979FEF700CF19E6 /* CGImagePropertyOrientation.swift in Sources */,
				C5D831E2297B0C850055FF42 /* RemoteRepository.swift in Sources */,
				C52AA3322979FF1D00CF19E6 /* VNClassificationObservation.swift in Sources */,
				C522633B297455EA00E4F35F /* Painting.swift in Sources */,
			);
			runOnlyForDeploymentPostprocessing = 0;
		};
/* End PBXSourcesBuildPhase section */

/* Begin XCBuildConfiguration section */
		C5226330297452AA00E4F35F /* Debug */ = {
			isa = XCBuildConfiguration;
			buildSettings = {
				ALWAYS_SEARCH_USER_PATHS = NO;
				CLANG_ANALYZER_NONNULL = YES;
				CLANG_ANALYZER_NUMBER_OBJECT_CONVERSION = YES_AGGRESSIVE;
				CLANG_CXX_LANGUAGE_STANDARD = "gnu++20";
				CLANG_ENABLE_MODULES = YES;
				CLANG_ENABLE_OBJC_ARC = YES;
				CLANG_ENABLE_OBJC_WEAK = YES;
				CLANG_WARN_BLOCK_CAPTURE_AUTORELEASING = YES;
				CLANG_WARN_BOOL_CONVERSION = YES;
				CLANG_WARN_COMMA = YES;
				CLANG_WARN_CONSTANT_CONVERSION = YES;
				CLANG_WARN_DEPRECATED_OBJC_IMPLEMENTATIONS = YES;
				CLANG_WARN_DIRECT_OBJC_ISA_USAGE = YES_ERROR;
				CLANG_WARN_DOCUMENTATION_COMMENTS = YES;
				CLANG_WARN_EMPTY_BODY = YES;
				CLANG_WARN_ENUM_CONVERSION = YES;
				CLANG_WARN_INFINITE_RECURSION = YES;
				CLANG_WARN_INT_CONVERSION = YES;
				CLANG_WARN_NON_LITERAL_NULL_CONVERSION = YES;
				CLANG_WARN_OBJC_IMPLICIT_RETAIN_SELF = YES;
				CLANG_WARN_OBJC_LITERAL_CONVERSION = YES;
				CLANG_WARN_OBJC_ROOT_CLASS = YES_ERROR;
				CLANG_WARN_QUOTED_INCLUDE_IN_FRAMEWORK_HEADER = YES;
				CLANG_WARN_RANGE_LOOP_ANALYSIS = YES;
				CLANG_WARN_STRICT_PROTOTYPES = YES;
				CLANG_WARN_SUSPICIOUS_MOVE = YES;
				CLANG_WARN_UNGUARDED_AVAILABILITY = YES_AGGRESSIVE;
				CLANG_WARN_UNREACHABLE_CODE = YES;
				CLANG_WARN__DUPLICATE_METHOD_MATCH = YES;
				COPY_PHASE_STRIP = NO;
				DEBUG_INFORMATION_FORMAT = dwarf;
				ENABLE_STRICT_OBJC_MSGSEND = YES;
				ENABLE_TESTABILITY = YES;
				GCC_C_LANGUAGE_STANDARD = gnu11;
				GCC_DYNAMIC_NO_PIC = NO;
				GCC_NO_COMMON_BLOCKS = YES;
				GCC_OPTIMIZATION_LEVEL = 0;
				GCC_PREPROCESSOR_DEFINITIONS = (
					"DEBUG=1",
					"$(inherited)",
				);
				GCC_WARN_64_TO_32_BIT_CONVERSION = YES;
				GCC_WARN_ABOUT_RETURN_TYPE = YES_ERROR;
				GCC_WARN_UNDECLARED_SELECTOR = YES;
				GCC_WARN_UNINITIALIZED_AUTOS = YES_AGGRESSIVE;
				GCC_WARN_UNUSED_FUNCTION = YES;
				GCC_WARN_UNUSED_VARIABLE = YES;
				IPHONEOS_DEPLOYMENT_TARGET = 16.0;
				MTL_ENABLE_DEBUG_INFO = INCLUDE_SOURCE;
				MTL_FAST_MATH = YES;
				ONLY_ACTIVE_ARCH = YES;
				SDKROOT = iphoneos;
				SWIFT_ACTIVE_COMPILATION_CONDITIONS = DEBUG;
				SWIFT_OPTIMIZATION_LEVEL = "-Onone";
			};
			name = Debug;
		};
		C5226331297452AA00E4F35F /* Release */ = {
			isa = XCBuildConfiguration;
			buildSettings = {
				ALWAYS_SEARCH_USER_PATHS = NO;
				CLANG_ANALYZER_NONNULL = YES;
				CLANG_ANALYZER_NUMBER_OBJECT_CONVERSION = YES_AGGRESSIVE;
				CLANG_CXX_LANGUAGE_STANDARD = "gnu++20";
				CLANG_ENABLE_MODULES = YES;
				CLANG_ENABLE_OBJC_ARC = YES;
				CLANG_ENABLE_OBJC_WEAK = YES;
				CLANG_WARN_BLOCK_CAPTURE_AUTORELEASING = YES;
				CLANG_WARN_BOOL_CONVERSION = YES;
				CLANG_WARN_COMMA = YES;
				CLANG_WARN_CONSTANT_CONVERSION = YES;
				CLANG_WARN_DEPRECATED_OBJC_IMPLEMENTATIONS = YES;
				CLANG_WARN_DIRECT_OBJC_ISA_USAGE = YES_ERROR;
				CLANG_WARN_DOCUMENTATION_COMMENTS = YES;
				CLANG_WARN_EMPTY_BODY = YES;
				CLANG_WARN_ENUM_CONVERSION = YES;
				CLANG_WARN_INFINITE_RECURSION = YES;
				CLANG_WARN_INT_CONVERSION = YES;
				CLANG_WARN_NON_LITERAL_NULL_CONVERSION = YES;
				CLANG_WARN_OBJC_IMPLICIT_RETAIN_SELF = YES;
				CLANG_WARN_OBJC_LITERAL_CONVERSION = YES;
				CLANG_WARN_OBJC_ROOT_CLASS = YES_ERROR;
				CLANG_WARN_QUOTED_INCLUDE_IN_FRAMEWORK_HEADER = YES;
				CLANG_WARN_RANGE_LOOP_ANALYSIS = YES;
				CLANG_WARN_STRICT_PROTOTYPES = YES;
				CLANG_WARN_SUSPICIOUS_MOVE = YES;
				CLANG_WARN_UNGUARDED_AVAILABILITY = YES_AGGRESSIVE;
				CLANG_WARN_UNREACHABLE_CODE = YES;
				CLANG_WARN__DUPLICATE_METHOD_MATCH = YES;
				COPY_PHASE_STRIP = NO;
				DEBUG_INFORMATION_FORMAT = "dwarf-with-dsym";
				ENABLE_NS_ASSERTIONS = NO;
				ENABLE_STRICT_OBJC_MSGSEND = YES;
				GCC_C_LANGUAGE_STANDARD = gnu11;
				GCC_NO_COMMON_BLOCKS = YES;
				GCC_WARN_64_TO_32_BIT_CONVERSION = YES;
				GCC_WARN_ABOUT_RETURN_TYPE = YES_ERROR;
				GCC_WARN_UNDECLARED_SELECTOR = YES;
				GCC_WARN_UNINITIALIZED_AUTOS = YES_AGGRESSIVE;
				GCC_WARN_UNUSED_FUNCTION = YES;
				GCC_WARN_UNUSED_VARIABLE = YES;
				IPHONEOS_DEPLOYMENT_TARGET = 16.0;
				MTL_ENABLE_DEBUG_INFO = NO;
				MTL_FAST_MATH = YES;
				SDKROOT = iphoneos;
				SWIFT_COMPILATION_MODE = wholemodule;
				SWIFT_OPTIMIZATION_LEVEL = "-O";
				VALIDATE_PRODUCT = YES;
			};
			name = Release;
		};
		C5226333297452AA00E4F35F /* Debug */ = {
			isa = XCBuildConfiguration;
			buildSettings = {
				ASSETCATALOG_COMPILER_APPICON_NAME = AppIcon;
				ASSETCATALOG_COMPILER_GLOBAL_ACCENT_COLOR_NAME = AccentColor;
				CODE_SIGN_STYLE = Automatic;
				CURRENT_PROJECT_VERSION = 1;
				DEVELOPMENT_ASSET_PATHS = "\"DigitalGalery/Preview Content\"";
				DEVELOPMENT_TEAM = R8T9GX4LQN;
				ENABLE_PREVIEWS = YES;
				GENERATE_INFOPLIST_FILE = YES;
				INFOPLIST_KEY_NSCameraUsageDescription = "Use your camera to classify artists.";
				INFOPLIST_KEY_UIApplicationSceneManifest_Generation = YES;
				INFOPLIST_KEY_UIApplicationSupportsIndirectInputEvents = YES;
				INFOPLIST_KEY_UILaunchScreen_Generation = YES;
				INFOPLIST_KEY_UISupportedInterfaceOrientations_iPad = "UIInterfaceOrientationPortrait UIInterfaceOrientationPortraitUpsideDown UIInterfaceOrientationLandscapeLeft UIInterfaceOrientationLandscapeRight";
				INFOPLIST_KEY_UISupportedInterfaceOrientations_iPhone = "UIInterfaceOrientationPortrait UIInterfaceOrientationLandscapeLeft UIInterfaceOrientationLandscapeRight";
				LD_RUNPATH_SEARCH_PATHS = (
					"$(inherited)",
					"@executable_path/Frameworks",
				);
				MARKETING_VERSION = 1.0;
				PRODUCT_BUNDLE_IDENTIFIER = m1.DigitalGalery;
				PRODUCT_NAME = "$(TARGET_NAME)";
				SWIFT_EMIT_LOC_STRINGS = YES;
				SWIFT_VERSION = 5.0;
				TARGETED_DEVICE_FAMILY = "1,2";
			};
			name = Debug;
		};
		C5226334297452AA00E4F35F /* Release */ = {
			isa = XCBuildConfiguration;
			buildSettings = {
				ASSETCATALOG_COMPILER_APPICON_NAME = AppIcon;
				ASSETCATALOG_COMPILER_GLOBAL_ACCENT_COLOR_NAME = AccentColor;
				CODE_SIGN_STYLE = Automatic;
				CURRENT_PROJECT_VERSION = 1;
				DEVELOPMENT_ASSET_PATHS = "\"DigitalGalery/Preview Content\"";
				DEVELOPMENT_TEAM = R8T9GX4LQN;
				ENABLE_PREVIEWS = YES;
				GENERATE_INFOPLIST_FILE = YES;
				INFOPLIST_KEY_NSCameraUsageDescription = "Use your camera to classify artists.";
				INFOPLIST_KEY_UIApplicationSceneManifest_Generation = YES;
				INFOPLIST_KEY_UIApplicationSupportsIndirectInputEvents = YES;
				INFOPLIST_KEY_UILaunchScreen_Generation = YES;
				INFOPLIST_KEY_UISupportedInterfaceOrientations_iPad = "UIInterfaceOrientationPortrait UIInterfaceOrientationPortraitUpsideDown UIInterfaceOrientationLandscapeLeft UIInterfaceOrientationLandscapeRight";
				INFOPLIST_KEY_UISupportedInterfaceOrientations_iPhone = "UIInterfaceOrientationPortrait UIInterfaceOrientationLandscapeLeft UIInterfaceOrientationLandscapeRight";
				LD_RUNPATH_SEARCH_PATHS = (
					"$(inherited)",
					"@executable_path/Frameworks",
				);
				MARKETING_VERSION = 1.0;
				PRODUCT_BUNDLE_IDENTIFIER = m1.DigitalGalery;
				PRODUCT_NAME = "$(TARGET_NAME)";
				SWIFT_EMIT_LOC_STRINGS = YES;
				SWIFT_VERSION = 5.0;
				TARGETED_DEVICE_FAMILY = "1,2";
			};
			name = Release;
		};
/* End XCBuildConfiguration section */

/* Begin XCConfigurationList section */
		C522631F297452A800E4F35F /* Build configuration list for PBXProject "DigitalGalery" */ = {
			isa = XCConfigurationList;
			buildConfigurations = (
				C5226330297452AA00E4F35F /* Debug */,
				C5226331297452AA00E4F35F /* Release */,
			);
			defaultConfigurationIsVisible = 0;
			defaultConfigurationName = Release;
		};
		C5226332297452AA00E4F35F /* Build configuration list for PBXNativeTarget "DigitalGalery" */ = {
			isa = XCConfigurationList;
			buildConfigurations = (
				C5226333297452AA00E4F35F /* Debug */,
				C5226334297452AA00E4F35F /* Release */,
			);
			defaultConfigurationIsVisible = 0;
			defaultConfigurationName = Release;
		};
/* End XCConfigurationList section */

/* Begin XCRemoteSwiftPackageReference section */
		C5E4844C297CAA12003FFB76 /* XCRemoteSwiftPackageReference "url-image" */ = {
			isa = XCRemoteSwiftPackageReference;
			repositoryURL = "https://github.com/dmytro-anokhin/url-image";
			requirement = {
				kind = upToNextMajorVersion;
				minimumVersion = 3.0.0;
			};
		};
/* End XCRemoteSwiftPackageReference section */

/* Begin XCSwiftPackageProductDependency section */
		C5E4844D297CAA12003FFB76 /* URLImage */ = {
			isa = XCSwiftPackageProductDependency;
			package = C5E4844C297CAA12003FFB76 /* XCRemoteSwiftPackageReference "url-image" */;
			productName = URLImage;
		};
		C5E4844F297CAA12003FFB76 /* URLImageStore */ = {
			isa = XCSwiftPackageProductDependency;
			package = C5E4844C297CAA12003FFB76 /* XCRemoteSwiftPackageReference "url-image" */;
			productName = URLImageStore;
		};
/* End XCSwiftPackageProductDependency section */
	};
	rootObject = C522631C297452A800E4F35F /* Project object */;
}
